// !$*UTF8*$!
{
	archiveVersion = 1;
	classes = {
	};
	objectVersion = 50;
	objects = {

/* Begin PBXBuildFile section */
		9323525B2428C63E00366B36 /* AppDelegate.m in Sources */ = {isa = PBXBuildFile; fileRef = 9323525A2428C63E00366B36 /* AppDelegate.m */; };
		9323525E2428C63E00366B36 /* SceneDelegate.m in Sources */ = {isa = PBXBuildFile; fileRef = 9323525D2428C63E00366B36 /* SceneDelegate.m */; };
		932352612428C63E00366B36 /* ViewController.m in Sources */ = {isa = PBXBuildFile; fileRef = 932352602428C63E00366B36 /* ViewController.m */; };
		932352642428C63E00366B36 /* Main.storyboard in Resources */ = {isa = PBXBuildFile; fileRef = 932352622428C63E00366B36 /* Main.storyboard */; };
		932352662428C64100366B36 /* Assets.xcassets in Resources */ = {isa = PBXBuildFile; fileRef = 932352652428C64100366B36 /* Assets.xcassets */; };
		932352692428C64100366B36 /* LaunchScreen.storyboard in Resources */ = {isa = PBXBuildFile; fileRef = 932352672428C64100366B36 /* LaunchScreen.storyboard */; };
		9323526C2428C64100366B36 /* main.m in Sources */ = {isa = PBXBuildFile; fileRef = 9323526B2428C64100366B36 /* main.m */; };
/* End PBXBuildFile section */

/* Begin PBXFileReference section */
		932352562428C63E00366B36 /* modalsizingissue.app */ = {isa = PBXFileReference; explicitFileType = wrapper.application; includeInIndex = 0; path = modalsizingissue.app; sourceTree = BUILT_PRODUCTS_DIR; };
		932352592428C63E00366B36 /* AppDelegate.h */ = {isa = PBXFileReference; lastKnownFileType = sourcecode.c.h; path = AppDelegate.h; sourceTree = "<group>"; };
		9323525A2428C63E00366B36 /* AppDelegate.m */ = {isa = PBXFileReference; lastKnownFileType = sourcecode.c.objc; path = AppDelegate.m; sourceTree = "<group>"; };
		9323525C2428C63E00366B36 /* SceneDelegate.h */ = {isa = PBXFileReference; lastKnownFileType = sourcecode.c.h; path = SceneDelegate.h; sourceTree = "<group>"; };
		9323525D2428C63E00366B36 /* SceneDelegate.m */ = {isa = PBXFileReference; lastKnownFileType = sourcecode.c.objc; path = SceneDelegate.m; sourceTree = "<group>"; };
		9323525F2428C63E00366B36 /* ViewController.h */ = {isa = PBXFileReference; lastKnownFileType = sourcecode.c.h; path = ViewController.h; sourceTree = "<group>"; };
		932352602428C63E00366B36 /* ViewController.m */ = {isa = PBXFileReference; lastKnownFileType = sourcecode.c.objc; path = ViewController.m; sourceTree = "<group>"; };
		932352632428C63E00366B36 /* Base */ = {isa = PBXFileReference; lastKnownFileType = file.storyboard; name = Base; path = Base.lproj/Main.storyboard; sourceTree = "<group>"; };
		932352652428C64100366B36 /* Assets.xcassets */ = {isa = PBXFileReference; lastKnownFileType = folder.assetcatalog; path = Assets.xcassets; sourceTree = "<group>"; };
		932352682428C64100366B36 /* Base */ = {isa = PBXFileReference; lastKnownFileType = file.storyboard; name = Base; path = Base.lproj/LaunchScreen.storyboard; sourceTree = "<group>"; };
		9323526A2428C64100366B36 /* Info.plist */ = {isa = PBXFileReference; lastKnownFileType = text.plist.xml; path = Info.plist; sourceTree = "<group>"; };
		9323526B2428C64100366B36 /* main.m */ = {isa = PBXFileReference; lastKnownFileType = sourcecode.c.objc; path = main.m; sourceTree = "<group>"; };
/* End PBXFileReference section */

/* Begin PBXFrameworksBuildPhase section */
		932352532428C63E00366B36 /* Frameworks */ = {
			isa = PBXFrameworksBuildPhase;
			buildActionMask = 2147483647;
			files = (
			);
			runOnlyForDeploymentPostprocessing = 0;
		};
/* End PBXFrameworksBuildPhase section */

/* Begin PBXGroup section */
		9323524D2428C63E00366B36 = {
			isa = PBXGroup;
			children = (
				932352582428C63E00366B36 /* modalsizingissue */,
				932352572428C63E00366B36 /* Products */,
			);
			sourceTree = "<group>";
		};
		932352572428C63E00366B36 /* Products */ = {
			isa = PBXGroup;
			children = (
				932352562428C63E00366B36 /* modalsizingissue.app */,
			);
			name = Products;
			sourceTree = "<group>";
		};
		932352582428C63E00366B36 /* modalsizingissue */ = {
			isa = PBXGroup;
			children = (
				932352592428C63E00366B36 /* AppDelegate.h */,
				9323525A2428C63E00366B36 /* AppDelegate.m */,
				9323525C2428C63E00366B36 /* SceneDelegate.h */,
				9323525D2428C63E00366B36 /* SceneDelegate.m */,
				9323525F2428C63E00366B36 /* ViewController.h */,
				932352602428C63E00366B36 /* ViewController.m */,
				932352622428C63E00366B36 /* Main.storyboard */,
				932352652428C64100366B36 /* Assets.xcassets */,
				932352672428C64100366B36 /* LaunchScreen.storyboard */,
				9323526A2428C64100366B36 /* Info.plist */,
				9323526B2428C64100366B36 /* main.m */,
			);
			path = modalsizingissue;
			sourceTree = "<group>";
		};
/* End PBXGroup section */

/* Begin PBXNativeTarget section */
		932352552428C63E00366B36 /* modalsizingissue */ = {
			isa = PBXNativeTarget;
			buildConfigurationList = 9323526F2428C64100366B36 /* Build configuration list for PBXNativeTarget "modalsizingissue" */;
			buildPhases = (
				932352522428C63E00366B36 /* Sources */,
				932352532428C63E00366B36 /* Frameworks */,
				932352542428C63E00366B36 /* Resources */,
			);
			buildRules = (
			);
			dependencies = (
			);
			name = modalsizingissue;
			productName = modalsizingissue;
			productReference = 932352562428C63E00366B36 /* modalsizingissue.app */;
			productType = "com.apple.product-type.application";
		};
/* End PBXNativeTarget section */

/* Begin PBXProject section */
		9323524E2428C63E00366B36 /* Project object */ = {
			isa = PBXProject;
			attributes = {
				LastUpgradeCheck = 1130;
				ORGANIZATIONNAME = "hovhannes safaryan";
				TargetAttributes = {
					932352552428C63E00366B36 = {
						CreatedOnToolsVersion = 11.3.1;
					};
				};
			};
			buildConfigurationList = 932352512428C63E00366B36 /* Build configuration list for PBXProject "modalsizingissue" */;
			compatibilityVersion = "Xcode 9.3";
			developmentRegion = en;
			hasScannedForEncodings = 0;
			knownRegions = (
				en,
				Base,
			);
			mainGroup = 9323524D2428C63E00366B36;
			productRefGroup = 932352572428C63E00366B36 /* Products */;
			projectDirPath = "";
			projectRoot = "";
			targets = (
				932352552428C63E00366B36 /* modalsizingissue */,
			);
		};
/* End PBXProject section */

/* Begin PBXResourcesBuildPhase section */
		932352542428C63E00366B36 /* Resources */ = {
			isa = PBXResourcesBuildPhase;
			buildActionMask = 2147483647;
			files = (
				932352692428C64100366B36 /* LaunchScreen.storyboard in Resources */,
				932352662428C64100366B36 /* Assets.xcassets in Resources */,
				932352642428C63E00366B36 /* Main.storyboard in Resources */,
			);
			runOnlyForDeploymentPostprocessing = 0;
		};
/* End PBXResourcesBuildPhase section */

/* Begin PBXSourcesBuildPhase section */
		932352522428C63E00366B36 /* Sources */ = {
			isa = PBXSourcesBuildPhase;
			buildActionMask = 2147483647;
			files = (
				932352612428C63E00366B36 /* ViewController.m in Sources */,
				9323525B2428C63E00366B36 /* AppDelegate.m in Sources */,
				9323526C2428C64100366B36 /* main.m in Sources */,
				9323525E2428C63E00366B36 /* SceneDelegate.m in Sources */,
			);
			runOnlyForDeploymentPostprocessing = 0;
		};
/* End PBXSourcesBuildPhase section */

/* Begin PBXVariantGroup section */
		932352622428C63E00366B36 /* Main.storyboard */ = {
			isa = PBXVariantGroup;
			children = (
				932352632428C63E00366B36 /* Base */,
			);
			name = Main.storyboard;
			sourceTree = "<group>";
		};
		932352672428C64100366B36 /* LaunchScreen.storyboard */ = {
			isa = PBXVariantGroup;
			children = (
				932352682428C64100366B36 /* Base */,
			);
			name = LaunchScreen.storyboard;
			sourceTree = "<group>";
		};
/* End PBXVariantGroup section */

/* Begin XCBuildConfiguration section */
		9323526D2428C64100366B36 /* Debug */ = {
			isa = XCBuildConfiguration;
			buildSettings = {
				ALWAYS_SEARCH_USER_PATHS = NO;
				CLANG_ANALYZER_NONNULL = YES;
				CLANG_ANALYZER_NUMBER_OBJECT_CONVERSION = YES_AGGRESSIVE;
				CLANG_CXX_LANGUAGE_STANDARD = "gnu++14";
				CLANG_CXX_LIBRARY = "libc++";
				CLANG_ENABLE_MODULES = YES;
				CLANG_ENABLE_OBJC_ARC = YES;
				CLANG_ENABLE_OBJC_WEAK = YES;
				CLANG_WARN_BLOCK_CAPTURE_AUTORELEASING = YES;
				CLANG_WARN_BOOL_CONVERSION = YES;
				CLANG_WARN_COMMA = YES;
				CLANG_WARN_CONSTANT_CONVERSION = YES;
				CLANG_WARN_DEPRECATED_OBJC_IMPLEMENTATIONS = YES;
				CLANG_WARN_DIRECT_OBJC_ISA_USAGE = YES_ERROR;
				CLANG_WARN_DOCUMENTATION_COMMENTS = YES;
				CLANG_WARN_EMPTY_BODY = YES;
				CLANG_WARN_ENUM_CONVERSION = YES;
				CLANG_WARN_INFINITE_RECURSION = YES;
				CLANG_WARN_INT_CONVERSION = YES;
				CLANG_WARN_NON_LITERAL_NULL_CONVERSION = YES;
				CLANG_WARN_OBJC_IMPLICIT_RETAIN_SELF = YES;
				CLANG_WARN_OBJC_LITERAL_CONVERSION = YES;
				CLANG_WARN_OBJC_ROOT_CLASS = YES_ERROR;
				CLANG_WARN_RANGE_LOOP_ANALYSIS = YES;
				CLANG_WARN_STRICT_PROTOTYPES = YES;
				CLANG_WARN_SUSPICIOUS_MOVE = YES;
				CLANG_WARN_UNGUARDED_AVAILABILITY = YES_AGGRESSIVE;
				CLANG_WARN_UNREACHABLE_CODE = YES;
				CLANG_WARN__DUPLICATE_METHOD_MATCH = YES;
				COPY_PHASE_STRIP = NO;
				DEBUG_INFORMATION_FORMAT = dwarf;
				ENABLE_STRICT_OBJC_MSGSEND = YES;
				ENABLE_TESTABILITY = YES;
				GCC_C_LANGUAGE_STANDARD = gnu11;
				GCC_DYNAMIC_NO_PIC = NO;
				GCC_NO_COMMON_BLOCKS = YES;
				GCC_OPTIMIZATION_LEVEL = 0;
				GCC_PREPROCESSOR_DEFINITIONS = (
					"DEBUG=1",
					"$(inherited)",
				);
				GCC_WARN_64_TO_32_BIT_CONVERSION = YES;
				GCC_WARN_ABOUT_RETURN_TYPE = YES_ERROR;
				GCC_WARN_UNDECLARED_SELECTOR = YES;
				GCC_WARN_UNINITIALIZED_AUTOS = YES_AGGRESSIVE;
				GCC_WARN_UNUSED_FUNCTION = YES;
				GCC_WARN_UNUSED_VARIABLE = YES;
				IPHONEOS_DEPLOYMENT_TARGET = 13.2;
				MTL_ENABLE_DEBUG_INFO = INCLUDE_SOURCE;
				MTL_FAST_MATH = YES;
				ONLY_ACTIVE_ARCH = YES;
				SDKROOT = iphoneos;
			};
			name = Debug;
		};
		9323526E2428C64100366B36 /* Release */ = {
			isa = XCBuildConfiguration;
			buildSettings = {
				ALWAYS_SEARCH_USER_PATHS = NO;
				CLANG_ANALYZER_NONNULL = YES;
				CLANG_ANALYZER_NUMBER_OBJECT_CONVERSION = YES_AGGRESSIVE;
				CLANG_CXX_LANGUAGE_STANDARD = "gnu++14";
				CLANG_CXX_LIBRARY = "libc++";
				CLANG_ENABLE_MODULES = YES;
				CLANG_ENABLE_OBJC_ARC = YES;
				CLANG_ENABLE_OBJC_WEAK = YES;
				CLANG_WARN_BLOCK_CAPTURE_AUTORELEASING = YES;
				CLANG_WARN_BOOL_CONVERSION = YES;
				CLANG_WARN_COMMA = YES;
				CLANG_WARN_CONSTANT_CONVERSION = YES;
				CLANG_WARN_DEPRECATED_OBJC_IMPLEMENTATIONS = YES;
				CLANG_WARN_DIRECT_OBJC_ISA_USAGE = YES_ERROR;
				CLANG_WARN_DOCUMENTATION_COMMENTS = YES;
				CLANG_WARN_EMPTY_BODY = YES;
				CLANG_WARN_ENUM_CONVERSION = YES;
				CLANG_WARN_INFINITE_RECURSION = YES;
				CLANG_WARN_INT_CONVERSION = YES;
				CLANG_WARN_NON_LITERAL_NULL_CONVERSION = YES;
				CLANG_WARN_OBJC_IMPLICIT_RETAIN_SELF = YES;
				CLANG_WARN_OBJC_LITERAL_CONVERSION = YES;
				CLANG_WARN_OBJC_ROOT_CLASS = YES_ERROR;
				CLANG_WARN_RANGE_LOOP_ANALYSIS = YES;
				CLANG_WARN_STRICT_PROTOTYPES = YES;
				CLANG_WARN_SUSPICIOUS_MOVE = YES;
				CLANG_WARN_UNGUARDED_AVAILABILITY = YES_AGGRESSIVE;
				CLANG_WARN_UNREACHABLE_CODE = YES;
				CLANG_WARN__DUPLICATE_METHOD_MATCH = YES;
				COPY_PHASE_STRIP = NO;
				DEBUG_INFORMATION_FORMAT = "dwarf-with-dsym";
				ENABLE_NS_ASSERTIONS = NO;
				ENABLE_STRICT_OBJC_MSGSEND = YES;
				GCC_C_LANGUAGE_STANDARD = gnu11;
				GCC_NO_COMMON_BLOCKS = YES;
				GCC_WARN_64_TO_32_BIT_CONVERSION = YES;
				GCC_WARN_ABOUT_RETURN_TYPE = YES_ERROR;
				GCC_WARN_UNDECLARED_SELECTOR = YES;
				GCC_WARN_UNINITIALIZED_AUTOS = YES_AGGRESSIVE;
				GCC_WARN_UNUSED_FUNCTION = YES;
				GCC_WARN_UNUSED_VARIABLE = YES;
				IPHONEOS_DEPLOYMENT_TARGET = 13.2;
				MTL_ENABLE_DEBUG_INFO = NO;
				MTL_FAST_MATH = YES;
				SDKROOT = iphoneos;
				VALIDATE_PRODUCT = YES;
			};
			name = Release;
		};
		932352702428C64100366B36 /* Debug */ = {
			isa = XCBuildConfiguration;
			buildSettings = {
				ASSETCATALOG_COMPILER_APPICON_NAME = AppIcon;
				CODE_SIGN_STYLE = Automatic;
				DEVELOPMENT_TEAM = LQW52865G6;
				INFOPLIST_FILE = modalsizingissue/Info.plist;
				LD_RUNPATH_SEARCH_PATHS = (
					"$(inherited)",
					"@executable_path/Frameworks",
				);
				PRODUCT_BUNDLE_IDENTIFIER = fsdfsdafd.modalsizingissue;
				PRODUCT_NAME = "$(TARGET_NAME)";
				TARGETED_DEVICE_FAMILY = "1,2";
			};
			name = Debug;
		};
		932352712428C64100366B36 /* Release */ = {
			isa = XCBuildConfiguration;
			buildSettings = {
				ASSETCATALOG_COMPILER_APPICON_NAME = AppIcon;
				CODE_SIGN_STYLE = Automatic;
				DEVELOPMENT_TEAM = LQW52865G6;
				INFOPLIST_FILE = modalsizingissue/Info.plist;
				LD_RUNPATH_SEARCH_PATHS = (
					"$(inherited)",
					"@executable_path/Frameworks",
				);
				PRODUCT_BUNDLE_IDENTIFIER = fsdfsdafd.modalsizingissue;
				PRODUCT_NAME = "$(TARGET_NAME)";
				TARGETED_DEVICE_FAMILY = "1,2";
			};
			name = Release;
		};
/* End XCBuildConfiguration section */

/* Begin XCConfigurationList section */
		932352512428C63E00366B36 /* Build configuration list for PBXProject "modalsizingissue" */ = {
			isa = XCConfigurationList;
			buildConfigurations = (
				9323526D2428C64100366B36 /* Debug */,
				9323526E2428C64100366B36 /* Release */,
			);
			defaultConfigurationIsVisible = 0;
			defaultConfigurationName = Release;
		};
		9323526F2428C64100366B36 /* Build configuration list for PBXNativeTarget "modalsizingissue" */ = {
			isa = XCConfigurationList;
			buildConfigurations = (
				932352702428C64100366B36 /* Debug */,
				932352712428C64100366B36 /* Release */,
			);
			defaultConfigurationIsVisible = 0;
			defaultConfigurationName = Release;
		};
/* End XCConfigurationList section */
	};
	rootObject = 9323524E2428C63E00366B36 /* Project object */;
}
